
Microsoft Visual Studio Solution File, Format Version 12.00
# Visual Studio Version 16
VisualStudioVersion = 16.0.29905.134
MinimumVisualStudioVersion = 10.0.40219.1
Project("{FAE04EC0-301F-11D3-BF4B-00C04F79EFBC}") = "LAT_1_KALKULATOR_WindowsFormsApp", "LAT_1_KALKULATOR_WindowsFormsApp\LAT_1_KALKULATOR_WindowsFormsApp.csproj", "{C07842F8-A139-478E-9FCE-A8E5872B3C64}"
EndProject
Global
	GlobalSection(SolutionConfigurationPlatforms) = preSolution
		Debug|Any CPU = Debug|Any CPU
		Release|Any CPU = Release|Any CPU
	EndGlobalSection
	GlobalSection(ProjectConfigurationPlatforms) = postSolution
		{C07842F8-A139-478E-9FCE-A8E5872B3C64}.Debug|Any CPU.ActiveCfg = Debug|Any CPU
		{C07842F8-A139-478E-9FCE-A8E5872B3C64}.Debug|Any CPU.Build.0 = Debug|Any CPU
		{C07842F8-A139-478E-9FCE-A8E5872B3C64}.Release|Any CPU.ActiveCfg = Release|Any CPU
		{C07842F8-A139-478E-9FCE-A8E5872B3C64}.Release|Any CPU.Build.0 = Release|Any CPU
	EndGlobalSection
	GlobalSection(SolutionProperties) = preSolution
		HideSolutionNode = FALSE
	EndGlobalSection
	GlobalSection(ExtensibilityGlobals) = postSolution
		SolutionGuid = {C2FC8D42-1484-4D39-BEBC-AD69058A485E}
	EndGlobalSection
EndGlobal
